// !$*UTF8*$!
{
	archiveVersion = 1;
	classes = {
	};
	objectVersion = 46;
	objects = {

/* Begin PBXBuildFile section */
		908BFD8B1E53FB0800EB4E0D /* AppDelegate.swift in Sources */ = {isa = PBXBuildFile; fileRef = 908BFD8A1E53FB0800EB4E0D /* AppDelegate.swift */; };
		908BFD8D1E53FB0800EB4E0D /* ViewController.swift in Sources */ = {isa = PBXBuildFile; fileRef = 908BFD8C1E53FB0800EB4E0D /* ViewController.swift */; };
		908BFD901E53FB0900EB4E0D /* Main.storyboard in Resources */ = {isa = PBXBuildFile; fileRef = 908BFD8E1E53FB0900EB4E0D /* Main.storyboard */; };
		908BFD921E53FB0900EB4E0D /* Assets.xcassets in Resources */ = {isa = PBXBuildFile; fileRef = 908BFD911E53FB0900EB4E0D /* Assets.xcassets */; };
		908BFD951E53FB0900EB4E0D /* LaunchScreen.storyboard in Resources */ = {isa = PBXBuildFile; fileRef = 908BFD931E53FB0900EB4E0D /* LaunchScreen.storyboard */; };
		908BFDAC1E5401A200EB4E0D /* GDefine.swift in Sources */ = {isa = PBXBuildFile; fileRef = 908BFDAB1E5401A200EB4E0D /* GDefine.swift */; };
/* End PBXBuildFile section */

/* Begin PBXFileReference section */
		908BFD871E53FB0800EB4E0D /* Uber.app */ = {isa = PBXFileReference; explicitFileType = wrapper.application; includeInIndex = 0; path = Uber.app; sourceTree = BUILT_PRODUCTS_DIR; };
		908BFD8A1E53FB0800EB4E0D /* AppDelegate.swift */ = {isa = PBXFileReference; lastKnownFileType = sourcecode.swift; path = AppDelegate.swift; sourceTree = "<group>"; };
		908BFD8C1E53FB0800EB4E0D /* ViewController.swift */ = {isa = PBXFileReference; lastKnownFileType = sourcecode.swift; path = ViewController.swift; sourceTree = "<group>"; };
		908BFD8F1E53FB0900EB4E0D /* Base */ = {isa = PBXFileReference; lastKnownFileType = file.storyboard; name = Base; path = Base.lproj/Main.storyboard; sourceTree = "<group>"; };
		908BFD911E53FB0900EB4E0D /* Assets.xcassets */ = {isa = PBXFileReference; lastKnownFileType = folder.assetcatalog; path = Assets.xcassets; sourceTree = "<group>"; };
		908BFD941E53FB0900EB4E0D /* Base */ = {isa = PBXFileReference; lastKnownFileType = file.storyboard; name = Base; path = Base.lproj/LaunchScreen.storyboard; sourceTree = "<group>"; };
		908BFD961E53FB0900EB4E0D /* Info.plist */ = {isa = PBXFileReference; lastKnownFileType = text.plist.xml; path = Info.plist; sourceTree = "<group>"; };
		908BFDAB1E5401A200EB4E0D /* GDefine.swift */ = {isa = PBXFileReference; fileEncoding = 4; lastKnownFileType = sourcecode.swift; path = GDefine.swift; sourceTree = "<group>"; };
/* End PBXFileReference section */

/* Begin PBXFrameworksBuildPhase section */
		908BFD841E53FB0800EB4E0D /* Frameworks */ = {
			isa = PBXFrameworksBuildPhase;
			buildActionMask = 2147483647;
			files = (
			);
			runOnlyForDeploymentPostprocessing = 0;
		};
/* End PBXFrameworksBuildPhase section */

/* Begin PBXGroup section */
		908BFD7E1E53FB0700EB4E0D = {
			isa = PBXGroup;
			children = (
				908BFD891E53FB0800EB4E0D /* Uber */,
				908BFD881E53FB0800EB4E0D /* Products */,
			);
			sourceTree = "<group>";
		};
		908BFD881E53FB0800EB4E0D /* Products */ = {
			isa = PBXGroup;
			children = (
				908BFD871E53FB0800EB4E0D /* Uber.app */,
			);
			name = Products;
			sourceTree = "<group>";
		};
		908BFD891E53FB0800EB4E0D /* Uber */ = {
			isa = PBXGroup;
			children = (
				908BFDAA1E53FEB800EB4E0D /* Framework */,
				908BFDA61E53FDED00EB4E0D /* Resource */,
				908BFDA51E53FDEA00EB4E0D /* Define */,
				908BFDA41E53FDE700EB4E0D /* ThirdSDK */,
				908BFDA31E53FDE400EB4E0D /* Utility */,
				908BFDA21E53FD8900EB4E0D /* DataBase */,
				908BFDA11E53FD8500EB4E0D /* View */,
				908BFDA01E53FD8200EB4E0D /* Operation */,
				908BFD9F1E53FD7E00EB4E0D /* Model */,
				908BFD9E1E53FD6F00EB4E0D /* Global */,
				908BFD8A1E53FB0800EB4E0D /* AppDelegate.swift */,
				908BFD8C1E53FB0800EB4E0D /* ViewController.swift */,
			);
			path = Uber;
			sourceTree = "<group>";
		};
		908BFD9E1E53FD6F00EB4E0D /* Global */ = {
			isa = PBXGroup;
			children = (
			);
			name = Global;
			sourceTree = "<group>";
		};
		908BFD9F1E53FD7E00EB4E0D /* Model */ = {
			isa = PBXGroup;
			children = (
			);
			name = Model;
			sourceTree = "<group>";
		};
		908BFDA01E53FD8200EB4E0D /* Operation */ = {
			isa = PBXGroup;
			children = (
			);
			name = Operation;
			sourceTree = "<group>";
		};
		908BFDA11E53FD8500EB4E0D /* View */ = {
			isa = PBXGroup;
			children = (
			);
			name = View;
			sourceTree = "<group>";
		};
		908BFDA21E53FD8900EB4E0D /* DataBase */ = {
			isa = PBXGroup;
			children = (
			);
			name = DataBase;
			sourceTree = "<group>";
		};
		908BFDA31E53FDE400EB4E0D /* Utility */ = {
			isa = PBXGroup;
			children = (
			);
			name = Utility;
			sourceTree = "<group>";
		};
		908BFDA41E53FDE700EB4E0D /* ThirdSDK */ = {
			isa = PBXGroup;
			children = (
			);
			name = ThirdSDK;
			sourceTree = "<group>";
		};
		908BFDA51E53FDEA00EB4E0D /* Define */ = {
			isa = PBXGroup;
			children = (
				908BFDAB1E5401A200EB4E0D /* GDefine.swift */,
			);
			name = Define;
			sourceTree = "<group>";
		};
		908BFDA61E53FDED00EB4E0D /* Resource */ = {
			isa = PBXGroup;
			children = (
				908BFDA91E53FE5600EB4E0D /* Config */,
				908BFDA81E53FE5300EB4E0D /* Images */,
				908BFDA71E53FE4F00EB4E0D /* Xib */,
			);
			name = Resource;
			sourceTree = "<group>";
		};
		908BFDA71E53FE4F00EB4E0D /* Xib */ = {
			isa = PBXGroup;
			children = (
				908BFD8E1E53FB0900EB4E0D /* Main.storyboard */,
				908BFD931E53FB0900EB4E0D /* LaunchScreen.storyboard */,
			);
			name = Xib;
			sourceTree = "<group>";
		};
		908BFDA81E53FE5300EB4E0D /* Images */ = {
			isa = PBXGroup;
			children = (
				908BFD911E53FB0900EB4E0D /* Assets.xcassets */,
			);
			name = Images;
			sourceTree = "<group>";
		};
		908BFDA91E53FE5600EB4E0D /* Config */ = {
			isa = PBXGroup;
			children = (
				908BFD961E53FB0900EB4E0D /* Info.plist */,
			);
			name = Config;
			sourceTree = "<group>";
		};
		908BFDAA1E53FEB800EB4E0D /* Framework */ = {
			isa = PBXGroup;
			children = (
			);
			name = Framework;
			sourceTree = "<group>";
		};
/* End PBXGroup section */

/* Begin PBXNativeTarget section */
		908BFD861E53FB0800EB4E0D /* Uber */ = {
			isa = PBXNativeTarget;
			buildConfigurationList = 908BFD991E53FB0900EB4E0D /* Build configuration list for PBXNativeTarget "Uber" */;
			buildPhases = (
				908BFD831E53FB0800EB4E0D /* Sources */,
				908BFD841E53FB0800EB4E0D /* Frameworks */,
				908BFD851E53FB0800EB4E0D /* Resources */,
			);
			buildRules = (
			);
			dependencies = (
			);
			name = Uber;
			productName = Uber;
			productReference = 908BFD871E53FB0800EB4E0D /* Uber.app */;
			productType = "com.apple.product-type.application";
		};
/* End PBXNativeTarget section */

/* Begin PBXProject section */
		908BFD7F1E53FB0700EB4E0D /* Project object */ = {
			isa = PBXProject;
			attributes = {
				LastSwiftUpdateCheck = 0820;
				LastUpgradeCheck = 0820;
				ORGANIZATIONNAME = "小儿黑挖土";
				TargetAttributes = {
					908BFD861E53FB0800EB4E0D = {
						CreatedOnToolsVersion = 8.2.1;
						DevelopmentTeam = ML53EEGVY9;
						ProvisioningStyle = Automatic;
					};
				};
			};
			buildConfigurationList = 908BFD821E53FB0700EB4E0D /* Build configuration list for PBXProject "Uber" */;
			compatibilityVersion = "Xcode 3.2";
			developmentRegion = English;
			hasScannedForEncodings = 0;
			knownRegions = (
				en,
				Base,
			);
			mainGroup = 908BFD7E1E53FB0700EB4E0D;
			productRefGroup = 908BFD881E53FB0800EB4E0D /* Products */;
			projectDirPath = "";
			projectRoot = "";
			targets = (
				908BFD861E53FB0800EB4E0D /* Uber */,
			);
		};
/* End PBXProject section */

/* Begin PBXResourcesBuildPhase section */
		908BFD851E53FB0800EB4E0D /* Resources */ = {
			isa = PBXResourcesBuildPhase;
			buildActionMask = 2147483647;
			files = (
				908BFD951E53FB0900EB4E0D /* LaunchScreen.storyboard in Resources */,
				908BFD921E53FB0900EB4E0D /* Assets.xcassets in Resources */,
				908BFD901E53FB0900EB4E0D /* Main.storyboard in Resources */,
			);
			runOnlyForDeploymentPostprocessing = 0;
		};
/* End PBXResourcesBuildPhase section */

/* Begin PBXSourcesBuildPhase section */
		908BFD831E53FB0800EB4E0D /* Sources */ = {
			isa = PBXSourcesBuildPhase;
			buildActionMask = 2147483647;
			files = (
				908BFDAC1E5401A200EB4E0D /* GDefine.swift in Sources */,
				908BFD8D1E53FB0800EB4E0D /* ViewController.swift in Sources */,
				908BFD8B1E53FB0800EB4E0D /* AppDelegate.swift in Sources */,
			);
			runOnlyForDeploymentPostprocessing = 0;
		};
/* End PBXSourcesBuildPhase section */

/* Begin PBXVariantGroup section */
		908BFD8E1E53FB0900EB4E0D /* Main.storyboard */ = {
			isa = PBXVariantGroup;
			children = (
				908BFD8F1E53FB0900EB4E0D /* Base */,
			);
			name = Main.storyboard;
			sourceTree = "<group>";
		};
		908BFD931E53FB0900EB4E0D /* LaunchScreen.storyboard */ = {
			isa = PBXVariantGroup;
			children = (
				908BFD941E53FB0900EB4E0D /* Base */,
			);
			name = LaunchScreen.storyboard;
			sourceTree = "<group>";
		};
/* End PBXVariantGroup section */

/* Begin XCBuildConfiguration section */
		908BFD971E53FB0900EB4E0D /* Debug */ = {
			isa = XCBuildConfiguration;
			buildSettings = {
				ALWAYS_SEARCH_USER_PATHS = NO;
				CLANG_ANALYZER_NONNULL = YES;
				CLANG_CXX_LANGUAGE_STANDARD = "gnu++0x";
				CLANG_CXX_LIBRARY = "libc++";
				CLANG_ENABLE_MODULES = YES;
				CLANG_ENABLE_OBJC_ARC = YES;
				CLANG_WARN_BOOL_CONVERSION = YES;
				CLANG_WARN_CONSTANT_CONVERSION = YES;
				CLANG_WARN_DIRECT_OBJC_ISA_USAGE = YES_ERROR;
				CLANG_WARN_DOCUMENTATION_COMMENTS = YES;
				CLANG_WARN_EMPTY_BODY = YES;
				CLANG_WARN_ENUM_CONVERSION = YES;
				CLANG_WARN_INFINITE_RECURSION = YES;
				CLANG_WARN_INT_CONVERSION = YES;
				CLANG_WARN_OBJC_ROOT_CLASS = YES_ERROR;
				CLANG_WARN_SUSPICIOUS_MOVE = YES;
				CLANG_WARN_UNREACHABLE_CODE = YES;
				CLANG_WARN__DUPLICATE_METHOD_MATCH = YES;
				"CODE_SIGN_IDENTITY[sdk=iphoneos*]" = "iPhone Developer";
				COPY_PHASE_STRIP = NO;
				DEBUG_INFORMATION_FORMAT = dwarf;
				ENABLE_STRICT_OBJC_MSGSEND = YES;
				ENABLE_TESTABILITY = YES;
				GCC_C_LANGUAGE_STANDARD = gnu99;
				GCC_DYNAMIC_NO_PIC = NO;
				GCC_NO_COMMON_BLOCKS = YES;
				GCC_OPTIMIZATION_LEVEL = 0;
				GCC_PREPROCESSOR_DEFINITIONS = (
					"DEBUG=1",
					"$(inherited)",
				);
				GCC_WARN_64_TO_32_BIT_CONVERSION = YES;
				GCC_WARN_ABOUT_RETURN_TYPE = YES_ERROR;
				GCC_WARN_UNDECLARED_SELECTOR = YES;
				GCC_WARN_UNINITIALIZED_AUTOS = YES_AGGRESSIVE;
				GCC_WARN_UNUSED_FUNCTION = YES;
				GCC_WARN_UNUSED_VARIABLE = YES;
				IPHONEOS_DEPLOYMENT_TARGET = 10.2;
				MTL_ENABLE_DEBUG_INFO = YES;
				ONLY_ACTIVE_ARCH = YES;
				SDKROOT = iphoneos;
				SWIFT_ACTIVE_COMPILATION_CONDITIONS = DEBUG;
				SWIFT_OPTIMIZATION_LEVEL = "-Onone";
			};
			name = Debug;
		};
		908BFD981E53FB0900EB4E0D /* Release */ = {
			isa = XCBuildConfiguration;
			buildSettings = {
				ALWAYS_SEARCH_USER_PATHS = NO;
				CLANG_ANALYZER_NONNULL = YES;
				CLANG_CXX_LANGUAGE_STANDARD = "gnu++0x";
				CLANG_CXX_LIBRARY = "libc++";
				CLANG_ENABLE_MODULES = YES;
				CLANG_ENABLE_OBJC_ARC = YES;
				CLANG_WARN_BOOL_CONVERSION = YES;
				CLANG_WARN_CONSTANT_CONVERSION = YES;
				CLANG_WARN_DIRECT_OBJC_ISA_USAGE = YES_ERROR;
				CLANG_WARN_DOCUMENTATION_COMMENTS = YES;
				CLANG_WARN_EMPTY_BODY = YES;
				CLANG_WARN_ENUM_CONVERSION = YES;
				CLANG_WARN_INFINITE_RECURSION = YES;
				CLANG_WARN_INT_CONVERSION = YES;
				CLANG_WARN_OBJC_ROOT_CLASS = YES_ERROR;
				CLANG_WARN_SUSPICIOUS_MOVE = YES;
				CLANG_WARN_UNREACHABLE_CODE = YES;
				CLANG_WARN__DUPLICATE_METHOD_MATCH = YES;
				"CODE_SIGN_IDENTITY[sdk=iphoneos*]" = "iPhone Developer";
				COPY_PHASE_STRIP = NO;
				DEBUG_INFORMATION_FORMAT = "dwarf-with-dsym";
				ENABLE_NS_ASSERTIONS = NO;
				ENABLE_STRICT_OBJC_MSGSEND = YES;
				GCC_C_LANGUAGE_STANDARD = gnu99;
				GCC_NO_COMMON_BLOCKS = YES;
				GCC_WARN_64_TO_32_BIT_CONVERSION = YES;
				GCC_WARN_ABOUT_RETURN_TYPE = YES_ERROR;
				GCC_WARN_UNDECLARED_SELECTOR = YES;
				GCC_WARN_UNINITIALIZED_AUTOS = YES_AGGRESSIVE;
				GCC_WARN_UNUSED_FUNCTION = YES;
				GCC_WARN_UNUSED_VARIABLE = YES;
				IPHONEOS_DEPLOYMENT_TARGET = 10.2;
				MTL_ENABLE_DEBUG_INFO = NO;
				SDKROOT = iphoneos;
				SWIFT_OPTIMIZATION_LEVEL = "-Owholemodule";
				VALIDATE_PRODUCT = YES;
			};
			name = Release;
		};
		908BFD9A1E53FB0900EB4E0D /* Debug */ = {
			isa = XCBuildConfiguration;
			buildSettings = {
				ASSETCATALOG_COMPILER_APPICON_NAME = AppIcon;
				DEVELOPMENT_TEAM = ML53EEGVY9;
				INFOPLIST_FILE = Uber/Info.plist;
				LD_RUNPATH_SEARCH_PATHS = "$(inherited) @executable_path/Frameworks";
				PRODUCT_BUNDLE_IDENTIFIER = xiaoerhei.Uber;
				PRODUCT_NAME = "$(TARGET_NAME)";
				SWIFT_VERSION = 3.0;
			};
			name = Debug;
		};
		908BFD9B1E53FB0900EB4E0D /* Release */ = {
			isa = XCBuildConfiguration;
			buildSettings = {
				ASSETCATALOG_COMPILER_APPICON_NAME = AppIcon;
				DEVELOPMENT_TEAM = ML53EEGVY9;
				INFOPLIST_FILE = Uber/Info.plist;
				LD_RUNPATH_SEARCH_PATHS = "$(inherited) @executable_path/Frameworks";
				PRODUCT_BUNDLE_IDENTIFIER = xiaoerhei.Uber;
				PRODUCT_NAME = "$(TARGET_NAME)";
				SWIFT_VERSION = 3.0;
			};
			name = Release;
		};
		908BFD9C1E53FB9B00EB4E0D /* AppStore */ = {
			isa = XCBuildConfiguration;
			buildSettings = {
				ALWAYS_SEARCH_USER_PATHS = NO;
				CLANG_ANALYZER_NONNULL = YES;
				CLANG_CXX_LANGUAGE_STANDARD = "gnu++0x";
				CLANG_CXX_LIBRARY = "libc++";
				CLANG_ENABLE_MODULES = YES;
				CLANG_ENABLE_OBJC_ARC = YES;
				CLANG_WARN_BOOL_CONVERSION = YES;
				CLANG_WARN_CONSTANT_CONVERSION = YES;
				CLANG_WARN_DIRECT_OBJC_ISA_USAGE = YES_ERROR;
				CLANG_WARN_DOCUMENTATION_COMMENTS = YES;
				CLANG_WARN_EMPTY_BODY = YES;
				CLANG_WARN_ENUM_CONVERSION = YES;
				CLANG_WARN_INFINITE_RECURSION = YES;
				CLANG_WARN_INT_CONVERSION = YES;
				CLANG_WARN_OBJC_ROOT_CLASS = YES_ERROR;
				CLANG_WARN_SUSPICIOUS_MOVE = YES;
				CLANG_WARN_UNREACHABLE_CODE = YES;
				CLANG_WARN__DUPLICATE_METHOD_MATCH = YES;
				"CODE_SIGN_IDENTITY[sdk=iphoneos*]" = "iPhone Developer";
				COPY_PHASE_STRIP = NO;
				DEBUG_INFORMATION_FORMAT = "dwarf-with-dsym";
				ENABLE_NS_ASSERTIONS = NO;
				ENABLE_STRICT_OBJC_MSGSEND = YES;
				GCC_C_LANGUAGE_STANDARD = gnu99;
				GCC_NO_COMMON_BLOCKS = YES;
				GCC_WARN_64_TO_32_BIT_CONVERSION = YES;
				GCC_WARN_ABOUT_RETURN_TYPE = YES_ERROR;
				GCC_WARN_UNDECLARED_SELECTOR = YES;
				GCC_WARN_UNINITIALIZED_AUTOS = YES_AGGRESSIVE;
				GCC_WARN_UNUSED_FUNCTION = YES;
				GCC_WARN_UNUSED_VARIABLE = YES;
				IPHONEOS_DEPLOYMENT_TARGET = 10.2;
				MTL_ENABLE_DEBUG_INFO = NO;
				SDKROOT = iphoneos;
				SWIFT_OPTIMIZATION_LEVEL = "-Owholemodule";
				VALIDATE_PRODUCT = YES;
			};
			name = AppStore;
		};
		908BFD9D1E53FB9B00EB4E0D /* AppStore */ = {
			isa = XCBuildConfiguration;
			buildSettings = {
				ASSETCATALOG_COMPILER_APPICON_NAME = AppIcon;
				DEVELOPMENT_TEAM = ML53EEGVY9;
				INFOPLIST_FILE = Uber/Info.plist;
				LD_RUNPATH_SEARCH_PATHS = "$(inherited) @executable_path/Frameworks";
				PRODUCT_BUNDLE_IDENTIFIER = xiaoerhei.Uber;
				PRODUCT_NAME = "$(TARGET_NAME)";
				SWIFT_VERSION = 3.0;
			};
			name = AppStore;
		};
/* End XCBuildConfiguration section */

/* Begin XCConfigurationList section */
		908BFD821E53FB0700EB4E0D /* Build configuration list for PBXProject "Uber" */ = {
			isa = XCConfigurationList;
			buildConfigurations = (
				908BFD971E53FB0900EB4E0D /* Debug */,
				908BFD981E53FB0900EB4E0D /* Release */,
				908BFD9C1E53FB9B00EB4E0D /* AppStore */,
			);
			defaultConfigurationIsVisible = 0;
			defaultConfigurationName = Release;
		};
		908BFD991E53FB0900EB4E0D /* Build configuration list for PBXNativeTarget "Uber" */ = {
			isa = XCConfigurationList;
			buildConfigurations = (
				908BFD9A1E53FB0900EB4E0D /* Debug */,
				908BFD9B1E53FB0900EB4E0D /* Release */,
				908BFD9D1E53FB9B00EB4E0D /* AppStore */,
			);
			defaultConfigurationIsVisible = 0;
		};
/* End XCConfigurationList section */
	};
	rootObject = 908BFD7F1E53FB0700EB4E0D /* Project object */;
}
